// !$*UTF8*$!
{
	archiveVersion = 1;
	classes = {
	};
	objectVersion = 50;
	objects = {

/* Begin PBXBuildFile section */
		2C02541021C3DECA00787FC7 /* String+Date.swift in Sources */ = {isa = PBXBuildFile; fileRef = 2C02540F21C3DECA00787FC7 /* String+Date.swift */; };
		2C3BF43721B299A50037050F /* UIView+Border.swift in Sources */ = {isa = PBXBuildFile; fileRef = 2C3BF43621B299A50037050F /* UIView+Border.swift */; };
		2C3BF43921B29AC80037050F /* UIView+Image.swift in Sources */ = {isa = PBXBuildFile; fileRef = 2C3BF43821B29AC80037050F /* UIView+Image.swift */; };
		2C3BF43D21B29CDE0037050F /* Data+Image.swift in Sources */ = {isa = PBXBuildFile; fileRef = 2C3BF43C21B29CDE0037050F /* Data+Image.swift */; };
		2C3BF43F21B29D9F0037050F /* Date+String.swift in Sources */ = {isa = PBXBuildFile; fileRef = 2C3BF43E21B29D9F0037050F /* Date+String.swift */; };
		2C3BF44121B29E310037050F /* String+Transform.swift in Sources */ = {isa = PBXBuildFile; fileRef = 2C3BF44021B29E310037050F /* String+Transform.swift */; };
		2C3BF44321B2B3180037050F /* UIImage+Data.swift in Sources */ = {isa = PBXBuildFile; fileRef = 2C3BF44221B2B3180037050F /* UIImage+Data.swift */; };
		2C3BF44521B2BDC20037050F /* StringTransformTests.swift in Sources */ = {isa = PBXBuildFile; fileRef = 2C3BF44421B2BDC20037050F /* StringTransformTests.swift */; };
		2C7DDD7421B28C6600DE7134 /* AppDelegate.swift in Sources */ = {isa = PBXBuildFile; fileRef = 2C7DDD7321B28C6600DE7134 /* AppDelegate.swift */; };
		2C7DDD7621B28C6600DE7134 /* ViewController.swift in Sources */ = {isa = PBXBuildFile; fileRef = 2C7DDD7521B28C6600DE7134 /* ViewController.swift */; };
		2C7DDD7921B28C6600DE7134 /* Main.storyboard in Resources */ = {isa = PBXBuildFile; fileRef = 2C7DDD7721B28C6600DE7134 /* Main.storyboard */; };
		2C7DDD7B21B28C6900DE7134 /* Assets.xcassets in Resources */ = {isa = PBXBuildFile; fileRef = 2C7DDD7A21B28C6900DE7134 /* Assets.xcassets */; };
		2C7DDD7E21B28C6900DE7134 /* LaunchScreen.storyboard in Resources */ = {isa = PBXBuildFile; fileRef = 2C7DDD7C21B28C6900DE7134 /* LaunchScreen.storyboard */; };
/* End PBXBuildFile section */

/* Begin PBXContainerItemProxy section */
		2C7DDD8521B28C6900DE7134 /* PBXContainerItemProxy */ = {
			isa = PBXContainerItemProxy;
			containerPortal = 2C7DDD6821B28C6600DE7134 /* Project object */;
			proxyType = 1;
			remoteGlobalIDString = 2C7DDD6F21B28C6600DE7134;
			remoteInfo = SwiftExtensions;
		};
/* End PBXContainerItemProxy section */

/* Begin PBXFileReference section */
		2C02540F21C3DECA00787FC7 /* String+Date.swift */ = {isa = PBXFileReference; lastKnownFileType = sourcecode.swift; path = "String+Date.swift"; sourceTree = "<group>"; };
		2C3BF43621B299A50037050F /* UIView+Border.swift */ = {isa = PBXFileReference; lastKnownFileType = sourcecode.swift; path = "UIView+Border.swift"; sourceTree = "<group>"; };
		2C3BF43821B29AC80037050F /* UIView+Image.swift */ = {isa = PBXFileReference; lastKnownFileType = sourcecode.swift; path = "UIView+Image.swift"; sourceTree = "<group>"; };
		2C3BF43C21B29CDE0037050F /* Data+Image.swift */ = {isa = PBXFileReference; lastKnownFileType = sourcecode.swift; path = "Data+Image.swift"; sourceTree = "<group>"; };
		2C3BF43E21B29D9F0037050F /* Date+String.swift */ = {isa = PBXFileReference; lastKnownFileType = sourcecode.swift; path = "Date+String.swift"; sourceTree = "<group>"; };
		2C3BF44021B29E310037050F /* String+Transform.swift */ = {isa = PBXFileReference; lastKnownFileType = sourcecode.swift; path = "String+Transform.swift"; sourceTree = "<group>"; };
		2C3BF44221B2B3180037050F /* UIImage+Data.swift */ = {isa = PBXFileReference; lastKnownFileType = sourcecode.swift; path = "UIImage+Data.swift"; sourceTree = "<group>"; };
		2C3BF44421B2BDC20037050F /* StringTransformTests.swift */ = {isa = PBXFileReference; lastKnownFileType = sourcecode.swift; path = StringTransformTests.swift; sourceTree = "<group>"; };
		2C7DDD7021B28C6600DE7134 /* SwiftExtensions.app */ = {isa = PBXFileReference; explicitFileType = wrapper.application; includeInIndex = 0; path = SwiftExtensions.app; sourceTree = BUILT_PRODUCTS_DIR; };
		2C7DDD7321B28C6600DE7134 /* AppDelegate.swift */ = {isa = PBXFileReference; lastKnownFileType = sourcecode.swift; path = AppDelegate.swift; sourceTree = "<group>"; };
		2C7DDD7521B28C6600DE7134 /* ViewController.swift */ = {isa = PBXFileReference; lastKnownFileType = sourcecode.swift; path = ViewController.swift; sourceTree = "<group>"; };
		2C7DDD7821B28C6600DE7134 /* Base */ = {isa = PBXFileReference; lastKnownFileType = file.storyboard; name = Base; path = Base.lproj/Main.storyboard; sourceTree = "<group>"; };
		2C7DDD7A21B28C6900DE7134 /* Assets.xcassets */ = {isa = PBXFileReference; lastKnownFileType = folder.assetcatalog; path = Assets.xcassets; sourceTree = "<group>"; };
		2C7DDD7D21B28C6900DE7134 /* Base */ = {isa = PBXFileReference; lastKnownFileType = file.storyboard; name = Base; path = Base.lproj/LaunchScreen.storyboard; sourceTree = "<group>"; };
		2C7DDD7F21B28C6900DE7134 /* Info.plist */ = {isa = PBXFileReference; lastKnownFileType = text.plist.xml; path = Info.plist; sourceTree = "<group>"; };
		2C7DDD8421B28C6900DE7134 /* SwiftExtensionsTests.xctest */ = {isa = PBXFileReference; explicitFileType = wrapper.cfbundle; includeInIndex = 0; path = SwiftExtensionsTests.xctest; sourceTree = BUILT_PRODUCTS_DIR; };
		2C7DDD8A21B28C6900DE7134 /* Info.plist */ = {isa = PBXFileReference; lastKnownFileType = text.plist.xml; path = Info.plist; sourceTree = "<group>"; };
		2C7DDD9521B28C6900DE7134 /* Info.plist */ = {isa = PBXFileReference; lastKnownFileType = text.plist.xml; path = Info.plist; sourceTree = "<group>"; };
/* End PBXFileReference section */

/* Begin PBXFrameworksBuildPhase section */
		2C7DDD6D21B28C6600DE7134 /* Frameworks */ = {
			isa = PBXFrameworksBuildPhase;
			buildActionMask = 2147483647;
			files = (
			);
			runOnlyForDeploymentPostprocessing = 0;
		};
		2C7DDD8121B28C6900DE7134 /* Frameworks */ = {
			isa = PBXFrameworksBuildPhase;
			buildActionMask = 2147483647;
			files = (
			);
			runOnlyForDeploymentPostprocessing = 0;
		};
/* End PBXFrameworksBuildPhase section */

/* Begin PBXGroup section */
		2C3BF43421B293670037050F /* Extensions */ = {
			isa = PBXGroup;
			children = (
				2C3BF43C21B29CDE0037050F /* Data+Image.swift */,
				2C3BF43E21B29D9F0037050F /* Date+String.swift */,
				2C02540F21C3DECA00787FC7 /* String+Date.swift */,
				2C3BF44021B29E310037050F /* String+Transform.swift */,
				2C3BF43621B299A50037050F /* UIView+Border.swift */,
				2C3BF43821B29AC80037050F /* UIView+Image.swift */,
				2C3BF44221B2B3180037050F /* UIImage+Data.swift */,
			);
			path = Extensions;
			sourceTree = "<group>";
		};
		2C7DDD6721B28C6600DE7134 = {
			isa = PBXGroup;
			children = (
				2C7DDD7221B28C6600DE7134 /* SwiftExtensions */,
				2C7DDD8721B28C6900DE7134 /* SwiftExtensionsTests */,
				2C7DDD9221B28C6900DE7134 /* SwiftExtensionsUITests */,
				2C7DDD7121B28C6600DE7134 /* Products */,
			);
			sourceTree = "<group>";
		};
		2C7DDD7121B28C6600DE7134 /* Products */ = {
			isa = PBXGroup;
			children = (
				2C7DDD7021B28C6600DE7134 /* SwiftExtensions.app */,
				2C7DDD8421B28C6900DE7134 /* SwiftExtensionsTests.xctest */,
			);
			name = Products;
			sourceTree = "<group>";
		};
		2C7DDD7221B28C6600DE7134 /* SwiftExtensions */ = {
			isa = PBXGroup;
			children = (
				2C3BF43421B293670037050F /* Extensions */,
				2C7DDD7321B28C6600DE7134 /* AppDelegate.swift */,
				2C7DDD7521B28C6600DE7134 /* ViewController.swift */,
				2C7DDD7721B28C6600DE7134 /* Main.storyboard */,
				2C7DDD7A21B28C6900DE7134 /* Assets.xcassets */,
				2C7DDD7C21B28C6900DE7134 /* LaunchScreen.storyboard */,
				2C7DDD7F21B28C6900DE7134 /* Info.plist */,
			);
			path = SwiftExtensions;
			sourceTree = "<group>";
		};
		2C7DDD8721B28C6900DE7134 /* SwiftExtensionsTests */ = {
			isa = PBXGroup;
			children = (
				2C7DDD8A21B28C6900DE7134 /* Info.plist */,
				2C3BF44421B2BDC20037050F /* StringTransformTests.swift */,
			);
			path = SwiftExtensionsTests;
			sourceTree = "<group>";
		};
		2C7DDD9221B28C6900DE7134 /* SwiftExtensionsUITests */ = {
			isa = PBXGroup;
			children = (
				2C7DDD9521B28C6900DE7134 /* Info.plist */,
			);
			path = SwiftExtensionsUITests;
			sourceTree = "<group>";
		};
/* End PBXGroup section */

/* Begin PBXNativeTarget section */
		2C7DDD6F21B28C6600DE7134 /* SwiftExtensions */ = {
			isa = PBXNativeTarget;
			buildConfigurationList = 2C7DDD9821B28C6900DE7134 /* Build configuration list for PBXNativeTarget "SwiftExtensions" */;
			buildPhases = (
				2C7DDD6C21B28C6600DE7134 /* Sources */,
				2C7DDD6D21B28C6600DE7134 /* Frameworks */,
				2C7DDD6E21B28C6600DE7134 /* Resources */,
				2C3BF43521B294C50037050F /* ShellScript */,
			);
			buildRules = (
			);
			dependencies = (
			);
			name = SwiftExtensions;
			productName = SwiftExtensions;
			productReference = 2C7DDD7021B28C6600DE7134 /* SwiftExtensions.app */;
			productType = "com.apple.product-type.application";
		};
		2C7DDD8321B28C6900DE7134 /* SwiftExtensionsTests */ = {
			isa = PBXNativeTarget;
			buildConfigurationList = 2C7DDD9B21B28C6900DE7134 /* Build configuration list for PBXNativeTarget "SwiftExtensionsTests" */;
			buildPhases = (
				2C7DDD8021B28C6900DE7134 /* Sources */,
				2C7DDD8121B28C6900DE7134 /* Frameworks */,
				2C7DDD8221B28C6900DE7134 /* Resources */,
			);
			buildRules = (
			);
			dependencies = (
				2C7DDD8621B28C6900DE7134 /* PBXTargetDependency */,
			);
			name = SwiftExtensionsTests;
			productName = SwiftExtensionsTests;
			productReference = 2C7DDD8421B28C6900DE7134 /* SwiftExtensionsTests.xctest */;
			productType = "com.apple.product-type.bundle.unit-test";
		};
/* End PBXNativeTarget section */

/* Begin PBXProject section */
		2C7DDD6821B28C6600DE7134 /* Project object */ = {
			isa = PBXProject;
			attributes = {
				LastSwiftUpdateCheck = 1000;
				LastUpgradeCheck = 1000;
				ORGANIZATIONNAME = "THE Uhooi";
				TargetAttributes = {
					2C7DDD6F21B28C6600DE7134 = {
						CreatedOnToolsVersion = 10.0;
					};
					2C7DDD8321B28C6900DE7134 = {
						CreatedOnToolsVersion = 10.0;
						LastSwiftMigration = 1000;
						TestTargetID = 2C7DDD6F21B28C6600DE7134;
					};
				};
			};
			buildConfigurationList = 2C7DDD6B21B28C6600DE7134 /* Build configuration list for PBXProject "SwiftExtensions" */;
			compatibilityVersion = "Xcode 9.3";
			developmentRegion = en;
			hasScannedForEncodings = 0;
			knownRegions = (
				en,
				Base,
			);
			mainGroup = 2C7DDD6721B28C6600DE7134;
			productRefGroup = 2C7DDD7121B28C6600DE7134 /* Products */;
			projectDirPath = "";
			projectRoot = "";
			targets = (
				2C7DDD6F21B28C6600DE7134 /* SwiftExtensions */,
				2C7DDD8321B28C6900DE7134 /* SwiftExtensionsTests */,
			);
		};
/* End PBXProject section */

/* Begin PBXResourcesBuildPhase section */
		2C7DDD6E21B28C6600DE7134 /* Resources */ = {
			isa = PBXResourcesBuildPhase;
			buildActionMask = 2147483647;
			files = (
				2C7DDD7E21B28C6900DE7134 /* LaunchScreen.storyboard in Resources */,
				2C7DDD7B21B28C6900DE7134 /* Assets.xcassets in Resources */,
				2C7DDD7921B28C6600DE7134 /* Main.storyboard in Resources */,
			);
			runOnlyForDeploymentPostprocessing = 0;
		};
		2C7DDD8221B28C6900DE7134 /* Resources */ = {
			isa = PBXResourcesBuildPhase;
			buildActionMask = 2147483647;
			files = (
			);
			runOnlyForDeploymentPostprocessing = 0;
		};
/* End PBXResourcesBuildPhase section */

/* Begin PBXShellScriptBuildPhase section */
		2C3BF43521B294C50037050F /* ShellScript */ = {
			isa = PBXShellScriptBuildPhase;
			buildActionMask = 2147483647;
			files = (
			);
			inputFileListPaths = (
			);
			inputPaths = (
			);
			outputFileListPaths = (
			);
			outputPaths = (
			);
			runOnlyForDeploymentPostprocessing = 0;
			shellPath = /bin/sh;
			shellScript = "if which swiftlint >/dev/null; then\n  swiftlint\nelse\n  echo \"warning: SwiftLint not installed, download from https://github.com/realm/SwiftLint\"\nfi\n";
		};
/* End PBXShellScriptBuildPhase section */

/* Begin PBXSourcesBuildPhase section */
		2C7DDD6C21B28C6600DE7134 /* Sources */ = {
			isa = PBXSourcesBuildPhase;
			buildActionMask = 2147483647;
			files = (
				2C3BF43921B29AC80037050F /* UIView+Image.swift in Sources */,
				2C3BF44121B29E310037050F /* String+Transform.swift in Sources */,
				2C3BF43D21B29CDE0037050F /* Data+Image.swift in Sources */,
				2C3BF43F21B29D9F0037050F /* Date+String.swift in Sources */,
				2C7DDD7621B28C6600DE7134 /* ViewController.swift in Sources */,
				2C7DDD7421B28C6600DE7134 /* AppDelegate.swift in Sources */,
				2C3BF43721B299A50037050F /* UIView+Border.swift in Sources */,
				2C02541021C3DECA00787FC7 /* String+Date.swift in Sources */,
				2C3BF44321B2B3180037050F /* UIImage+Data.swift in Sources */,
			);
			runOnlyForDeploymentPostprocessing = 0;
		};
		2C7DDD8021B28C6900DE7134 /* Sources */ = {
			isa = PBXSourcesBuildPhase;
			buildActionMask = 2147483647;
			files = (
				2C3BF44521B2BDC20037050F /* StringTransformTests.swift in Sources */,
			);
			runOnlyForDeploymentPostprocessing = 0;
		};
/* End PBXSourcesBuildPhase section */

/* Begin PBXTargetDependency section */
		2C7DDD8621B28C6900DE7134 /* PBXTargetDependency */ = {
			isa = PBXTargetDependency;
			target = 2C7DDD6F21B28C6600DE7134 /* SwiftExtensions */;
			targetProxy = 2C7DDD8521B28C6900DE7134 /* PBXContainerItemProxy */;
		};
/* End PBXTargetDependency section */

/* Begin PBXVariantGroup section */
		2C7DDD7721B28C6600DE7134 /* Main.storyboard */ = {
			isa = PBXVariantGroup;
			children = (
				2C7DDD7821B28C6600DE7134 /* Base */,
			);
			name = Main.storyboard;
			sourceTree = "<group>";
		};
		2C7DDD7C21B28C6900DE7134 /* LaunchScreen.storyboard */ = {
			isa = PBXVariantGroup;
			children = (
				2C7DDD7D21B28C6900DE7134 /* Base */,
			);
			name = LaunchScreen.storyboard;
			sourceTree = "<group>";
		};
/* End PBXVariantGroup section */

/* Begin XCBuildConfiguration section */
		2C7DDD9621B28C6900DE7134 /* Debug */ = {
			isa = XCBuildConfiguration;
			buildSettings = {
				ALWAYS_SEARCH_USER_PATHS = NO;
				CLANG_ANALYZER_NONNULL = YES;
				CLANG_ANALYZER_NUMBER_OBJECT_CONVERSION = YES_AGGRESSIVE;
				CLANG_CXX_LANGUAGE_STANDARD = "gnu++14";
				CLANG_CXX_LIBRARY = "libc++";
				CLANG_ENABLE_MODULES = YES;
				CLANG_ENABLE_OBJC_ARC = YES;
				CLANG_ENABLE_OBJC_WEAK = YES;
				CLANG_WARN_BLOCK_CAPTURE_AUTORELEASING = YES;
				CLANG_WARN_BOOL_CONVERSION = YES;
				CLANG_WARN_COMMA = YES;
				CLANG_WARN_CONSTANT_CONVERSION = YES;
				CLANG_WARN_DEPRECATED_OBJC_IMPLEMENTATIONS = YES;
				CLANG_WARN_DIRECT_OBJC_ISA_USAGE = YES_ERROR;
				CLANG_WARN_DOCUMENTATION_COMMENTS = YES;
				CLANG_WARN_EMPTY_BODY = YES;
				CLANG_WARN_ENUM_CONVERSION = YES;
				CLANG_WARN_INFINITE_RECURSION = YES;
				CLANG_WARN_INT_CONVERSION = YES;
				CLANG_WARN_NON_LITERAL_NULL_CONVERSION = YES;
				CLANG_WARN_OBJC_IMPLICIT_RETAIN_SELF = YES;
				CLANG_WARN_OBJC_LITERAL_CONVERSION = YES;
				CLANG_WARN_OBJC_ROOT_CLASS = YES_ERROR;
				CLANG_WARN_RANGE_LOOP_ANALYSIS = YES;
				CLANG_WARN_STRICT_PROTOTYPES = YES;
				CLANG_WARN_SUSPICIOUS_MOVE = YES;
				CLANG_WARN_UNGUARDED_AVAILABILITY = YES_AGGRESSIVE;
				CLANG_WARN_UNREACHABLE_CODE = YES;
				CLANG_WARN__DUPLICATE_METHOD_MATCH = YES;
				CODE_SIGN_IDENTITY = "iPhone Developer";
				COPY_PHASE_STRIP = NO;
				DEBUG_INFORMATION_FORMAT = dwarf;
				ENABLE_STRICT_OBJC_MSGSEND = YES;
				ENABLE_TESTABILITY = YES;
				GCC_C_LANGUAGE_STANDARD = gnu11;
				GCC_DYNAMIC_NO_PIC = NO;
				GCC_NO_COMMON_BLOCKS = YES;
				GCC_OPTIMIZATION_LEVEL = 0;
				GCC_PREPROCESSOR_DEFINITIONS = (
					"DEBUG=1",
					"$(inherited)",
				);
				GCC_WARN_64_TO_32_BIT_CONVERSION = YES;
				GCC_WARN_ABOUT_RETURN_TYPE = YES_ERROR;
				GCC_WARN_UNDECLARED_SELECTOR = YES;
				GCC_WARN_UNINITIALIZED_AUTOS = YES_AGGRESSIVE;
				GCC_WARN_UNUSED_FUNCTION = YES;
				GCC_WARN_UNUSED_VARIABLE = YES;
				IPHONEOS_DEPLOYMENT_TARGET = 12.0;
				MTL_ENABLE_DEBUG_INFO = INCLUDE_SOURCE;
				MTL_FAST_MATH = YES;
				ONLY_ACTIVE_ARCH = YES;
				SDKROOT = iphoneos;
				SWIFT_ACTIVE_COMPILATION_CONDITIONS = DEBUG;
				SWIFT_OPTIMIZATION_LEVEL = "-Onone";
			};
			name = Debug;
		};
		2C7DDD9721B28C6900DE7134 /* Release */ = {
			isa = XCBuildConfiguration;
			buildSettings = {
				ALWAYS_SEARCH_USER_PATHS = NO;
				CLANG_ANALYZER_NONNULL = YES;
				CLANG_ANALYZER_NUMBER_OBJECT_CONVERSION = YES_AGGRESSIVE;
				CLANG_CXX_LANGUAGE_STANDARD = "gnu++14";
				CLANG_CXX_LIBRARY = "libc++";
				CLANG_ENABLE_MODULES = YES;
				CLANG_ENABLE_OBJC_ARC = YES;
				CLANG_ENABLE_OBJC_WEAK = YES;
				CLANG_WARN_BLOCK_CAPTURE_AUTORELEASING = YES;
				CLANG_WARN_BOOL_CONVERSION = YES;
				CLANG_WARN_COMMA = YES;
				CLANG_WARN_CONSTANT_CONVERSION = YES;
				CLANG_WARN_DEPRECATED_OBJC_IMPLEMENTATIONS = YES;
				CLANG_WARN_DIRECT_OBJC_ISA_USAGE = YES_ERROR;
				CLANG_WARN_DOCUMENTATION_COMMENTS = YES;
				CLANG_WARN_EMPTY_BODY = YES;
				CLANG_WARN_ENUM_CONVERSION = YES;
				CLANG_WARN_INFINITE_RECURSION = YES;
				CLANG_WARN_INT_CONVERSION = YES;
				CLANG_WARN_NON_LITERAL_NULL_CONVERSION = YES;
				CLANG_WARN_OBJC_IMPLICIT_RETAIN_SELF = YES;
				CLANG_WARN_OBJC_LITERAL_CONVERSION = YES;
				CLANG_WARN_OBJC_ROOT_CLASS = YES_ERROR;
				CLANG_WARN_RANGE_LOOP_ANALYSIS = YES;
				CLANG_WARN_STRICT_PROTOTYPES = YES;
				CLANG_WARN_SUSPICIOUS_MOVE = YES;
				CLANG_WARN_UNGUARDED_AVAILABILITY = YES_AGGRESSIVE;
				CLANG_WARN_UNREACHABLE_CODE = YES;
				CLANG_WARN__DUPLICATE_METHOD_MATCH = YES;
				CODE_SIGN_IDENTITY = "iPhone Developer";
				COPY_PHASE_STRIP = NO;
				DEBUG_INFORMATION_FORMAT = "dwarf-with-dsym";
				ENABLE_NS_ASSERTIONS = NO;
				ENABLE_STRICT_OBJC_MSGSEND = YES;
				GCC_C_LANGUAGE_STANDARD = gnu11;
				GCC_NO_COMMON_BLOCKS = YES;
				GCC_WARN_64_TO_32_BIT_CONVERSION = YES;
				GCC_WARN_ABOUT_RETURN_TYPE = YES_ERROR;
				GCC_WARN_UNDECLARED_SELECTOR = YES;
				GCC_WARN_UNINITIALIZED_AUTOS = YES_AGGRESSIVE;
				GCC_WARN_UNUSED_FUNCTION = YES;
				GCC_WARN_UNUSED_VARIABLE = YES;
				IPHONEOS_DEPLOYMENT_TARGET = 12.0;
				MTL_ENABLE_DEBUG_INFO = NO;
				MTL_FAST_MATH = YES;
				SDKROOT = iphoneos;
				SWIFT_COMPILATION_MODE = wholemodule;
				SWIFT_OPTIMIZATION_LEVEL = "-O";
				VALIDATE_PRODUCT = YES;
			};
			name = Release;
		};
		2C7DDD9921B28C6900DE7134 /* Debug */ = {
			isa = XCBuildConfiguration;
			buildSettings = {
				ASSETCATALOG_COMPILER_APPICON_NAME = AppIcon;
				CODE_SIGN_STYLE = Automatic;
				INFOPLIST_FILE = SwiftExtensions/Info.plist;
				LD_RUNPATH_SEARCH_PATHS = (
					"$(inherited)",
					"@executable_path/Frameworks",
				);
				PRODUCT_BUNDLE_IDENTIFIER = com.theuhooi.SwiftExtensions;
				PRODUCT_NAME = "$(TARGET_NAME)";
				SWIFT_VERSION = 4.2;
				TARGETED_DEVICE_FAMILY = "1,2";
			};
			name = Debug;
		};
		2C7DDD9A21B28C6900DE7134 /* Release */ = {
			isa = XCBuildConfiguration;
			buildSettings = {
				ASSETCATALOG_COMPILER_APPICON_NAME = AppIcon;
				CODE_SIGN_STYLE = Automatic;
				INFOPLIST_FILE = SwiftExtensions/Info.plist;
				LD_RUNPATH_SEARCH_PATHS = (
					"$(inherited)",
					"@executable_path/Frameworks",
				);
				PRODUCT_BUNDLE_IDENTIFIER = com.theuhooi.SwiftExtensions;
				PRODUCT_NAME = "$(TARGET_NAME)";
				SWIFT_VERSION = 4.2;
				TARGETED_DEVICE_FAMILY = "1,2";
			};
			name = Release;
		};
		2C7DDD9C21B28C6900DE7134 /* Debug */ = {
			isa = XCBuildConfiguration;
			buildSettings = {
				ALWAYS_EMBED_SWIFT_STANDARD_LIBRARIES = YES;
				BUNDLE_LOADER = "$(TEST_HOST)";
				CLANG_ENABLE_MODULES = YES;
				CODE_SIGN_STYLE = Automatic;
				INFOPLIST_FILE = SwiftExtensionsTests/Info.plist;
				LD_RUNPATH_SEARCH_PATHS = (
					"$(inherited)",
					"@executable_path/Frameworks",
					"@loader_path/Frameworks",
				);
				PRODUCT_BUNDLE_IDENTIFIER = com.theuhooi.SwiftExtensionsTests;
				PRODUCT_NAME = "$(TARGET_NAME)";
				SWIFT_OPTIMIZATION_LEVEL = "-Onone";
				SWIFT_VERSION = 4.2;
				TARGETED_DEVICE_FAMILY = "1,2";
				TEST_HOST = "$(BUILT_PRODUCTS_DIR)/SwiftExtensions.app/SwiftExtensions";
			};
			name = Debug;
		};
		2C7DDD9D21B28C6900DE7134 /* Release */ = {
			isa = XCBuildConfiguration;
			buildSettings = {
				ALWAYS_EMBED_SWIFT_STANDARD_LIBRARIES = YES;
				BUNDLE_LOADER = "$(TEST_HOST)";
				CLANG_ENABLE_MODULES = YES;
				CODE_SIGN_STYLE = Automatic;
				INFOPLIST_FILE = SwiftExtensionsTests/Info.plist;
				LD_RUNPATH_SEARCH_PATHS = (
					"$(inherited)",
					"@executable_path/Frameworks",
					"@loader_path/Frameworks",
				);
				PRODUCT_BUNDLE_IDENTIFIER = com.theuhooi.SwiftExtensionsTests;
				PRODUCT_NAME = "$(TARGET_NAME)";
				SWIFT_VERSION = 4.2;
				TARGETED_DEVICE_FAMILY = "1,2";
				TEST_HOST = "$(BUILT_PRODUCTS_DIR)/SwiftExtensions.app/SwiftExtensions";
			};
			name = Release;
		};
/* End XCBuildConfiguration section */

/* Begin XCConfigurationList section */
		2C7DDD6B21B28C6600DE7134 /* Build configuration list for PBXProject "SwiftExtensions" */ = {
			isa = XCConfigurationList;
			buildConfigurations = (
				2C7DDD9621B28C6900DE7134 /* Debug */,
				2C7DDD9721B28C6900DE7134 /* Release */,
			);
			defaultConfigurationIsVisible = 0;
			defaultConfigurationName = Release;
		};
		2C7DDD9821B28C6900DE7134 /* Build configuration list for PBXNativeTarget "SwiftExtensions" */ = {
			isa = XCConfigurationList;
			buildConfigurations = (
				2C7DDD9921B28C6900DE7134 /* Debug */,
				2C7DDD9A21B28C6900DE7134 /* Release */,
			);
			defaultConfigurationIsVisible = 0;
			defaultConfigurationName = Release;
		};
		2C7DDD9B21B28C6900DE7134 /* Build configuration list for PBXNativeTarget "SwiftExtensionsTests" */ = {
			isa = XCConfigurationList;
			buildConfigurations = (
				2C7DDD9C21B28C6900DE7134 /* Debug */,
				2C7DDD9D21B28C6900DE7134 /* Release */,
			);
			defaultConfigurationIsVisible = 0;
			defaultConfigurationName = Release;
		};
/* End XCConfigurationList section */
	};
	rootObject = 2C7DDD6821B28C6600DE7134 /* Project object */;
}
